
Microsoft Visual Studio Solution File, Format Version 12.00
# Visual Studio Version 17
VisualStudioVersion = 17.14.36511.14 d17.14
MinimumVisualStudioVersion = 10.0.40219.1
Project("{FAE04EC0-301F-11D3-BF4B-00C04F79EFBC}") = "WebApplicationEmpProject", "WebApplicationEmpProject.csproj", "{FE1F5315-84C6-469E-8080-A405DF80730B}"
EndProject
Global
	GlobalSection(SolutionConfigurationPlatforms) = preSolution
		Debug|Any CPU = Debug|Any CPU
		Release|Any CPU = Release|Any CPU
	EndGlobalSection
	GlobalSection(ProjectConfigurationPlatforms) = postSolution
		{FE1F5315-84C6-469E-8080-A405DF80730B}.Debug|Any CPU.ActiveCfg = Debug|Any CPU
		{FE1F5315-84C6-469E-8080-A405DF80730B}.Debug|Any CPU.Build.0 = Debug|Any CPU
		{FE1F5315-84C6-469E-8080-A405DF80730B}.Release|Any CPU.ActiveCfg = Release|Any CPU
		{FE1F5315-84C6-469E-8080-A405DF80730B}.Release|Any CPU.Build.0 = Release|Any CPU
	EndGlobalSection
	GlobalSection(SolutionProperties) = preSolution
		HideSolutionNode = FALSE
	EndGlobalSection
	GlobalSection(ExtensibilityGlobals) = postSolution
		SolutionGuid = {9487A477-2B25-4FA6-A152-7349F9D50CAD}
	EndGlobalSection
EndGlobal
